// !$*UTF8*$!
{
	archiveVersion = 1;
	classes = {
	};
	objectVersion = 56;
	objects = {

/* Begin PBXBuildFile section */
		9789376B29A81B860072B746 /* Nix Square Watch App.app in Embed Watch Content */ = {isa = PBXBuildFile; fileRef = 9789376A29A81B860072B746 /* Nix Square Watch App.app */; settings = {ATTRIBUTES = (RemoveHeadersOnCopy, ); }; };
		9789377029A81B860072B746 /* Nix_SquareApp.swift in Sources */ = {isa = PBXBuildFile; fileRef = 9789376F29A81B860072B746 /* Nix_SquareApp.swift */; };
		9789377229A81B860072B746 /* ContentView.swift in Sources */ = {isa = PBXBuildFile; fileRef = 9789377129A81B860072B746 /* ContentView.swift */; };
		9789377429A81B870072B746 /* Assets.xcassets in Resources */ = {isa = PBXBuildFile; fileRef = 9789377329A81B870072B746 /* Assets.xcassets */; };
		9789377729A81B870072B746 /* Preview Assets.xcassets in Resources */ = {isa = PBXBuildFile; fileRef = 9789377629A81B870072B746 /* Preview Assets.xcassets */; };
		9789378129A81B880072B746 /* Nix_Square_Watch_AppTests.swift in Sources */ = {isa = PBXBuildFile; fileRef = 9789378029A81B880072B746 /* Nix_Square_Watch_AppTests.swift */; };
		9789378B29A81B880072B746 /* Nix_Square_Watch_AppUITests.swift in Sources */ = {isa = PBXBuildFile; fileRef = 9789378A29A81B880072B746 /* Nix_Square_Watch_AppUITests.swift */; };
		9789378D29A81B880072B746 /* Nix_Square_Watch_AppUITestsLaunchTests.swift in Sources */ = {isa = PBXBuildFile; fileRef = 9789378C29A81B880072B746 /* Nix_Square_Watch_AppUITestsLaunchTests.swift */; };
/* End PBXBuildFile section */

/* Begin PBXContainerItemProxy section */
		9789376C29A81B860072B746 /* PBXContainerItemProxy */ = {
			isa = PBXContainerItemProxy;
			containerPortal = 9789375E29A81B860072B746 /* Project object */;
			proxyType = 1;
			remoteGlobalIDString = 9789376929A81B860072B746;
			remoteInfo = "Nix Square Watch App";
		};
		9789377D29A81B880072B746 /* PBXContainerItemProxy */ = {
			isa = PBXContainerItemProxy;
			containerPortal = 9789375E29A81B860072B746 /* Project object */;
			proxyType = 1;
			remoteGlobalIDString = 9789376929A81B860072B746;
			remoteInfo = "Nix Square Watch App";
		};
		9789378729A81B880072B746 /* PBXContainerItemProxy */ = {
			isa = PBXContainerItemProxy;
			containerPortal = 9789375E29A81B860072B746 /* Project object */;
			proxyType = 1;
			remoteGlobalIDString = 9789376929A81B860072B746;
			remoteInfo = "Nix Square Watch App";
		};
/* End PBXContainerItemProxy section */

/* Begin PBXCopyFilesBuildPhase section */
		9789379329A81B880072B746 /* Embed Watch Content */ = {
			isa = PBXCopyFilesBuildPhase;
			buildActionMask = 2147483647;
			dstPath = "$(CONTENTS_FOLDER_PATH)/Watch";
			dstSubfolderSpec = 16;
			files = (
				9789376B29A81B860072B746 /* Nix Square Watch App.app in Embed Watch Content */,
			);
			name = "Embed Watch Content";
			runOnlyForDeploymentPostprocessing = 0;
		};
/* End PBXCopyFilesBuildPhase section */

/* Begin PBXFileReference section */
		9789376429A81B860072B746 /* Nix Square.app */ = {isa = PBXFileReference; explicitFileType = wrapper.application; includeInIndex = 0; path = "Nix Square.app"; sourceTree = BUILT_PRODUCTS_DIR; };
		9789376A29A81B860072B746 /* Nix Square Watch App.app */ = {isa = PBXFileReference; explicitFileType = wrapper.application; includeInIndex = 0; path = "Nix Square Watch App.app"; sourceTree = BUILT_PRODUCTS_DIR; };
		9789376F29A81B860072B746 /* Nix_SquareApp.swift */ = {isa = PBXFileReference; lastKnownFileType = sourcecode.swift; path = Nix_SquareApp.swift; sourceTree = "<group>"; };
		9789377129A81B860072B746 /* ContentView.swift */ = {isa = PBXFileReference; lastKnownFileType = sourcecode.swift; path = ContentView.swift; sourceTree = "<group>"; };
		9789377329A81B870072B746 /* Assets.xcassets */ = {isa = PBXFileReference; lastKnownFileType = folder.assetcatalog; path = Assets.xcassets; sourceTree = "<group>"; };
		9789377629A81B870072B746 /* Preview Assets.xcassets */ = {isa = PBXFileReference; lastKnownFileType = folder.assetcatalog; path = "Preview Assets.xcassets"; sourceTree = "<group>"; };
		9789377C29A81B870072B746 /* Nix Square Watch AppTests.xctest */ = {isa = PBXFileReference; explicitFileType = wrapper.cfbundle; includeInIndex = 0; path = "Nix Square Watch AppTests.xctest"; sourceTree = BUILT_PRODUCTS_DIR; };
		9789378029A81B880072B746 /* Nix_Square_Watch_AppTests.swift */ = {isa = PBXFileReference; lastKnownFileType = sourcecode.swift; path = Nix_Square_Watch_AppTests.swift; sourceTree = "<group>"; };
		9789378629A81B880072B746 /* Nix Square Watch AppUITests.xctest */ = {isa = PBXFileReference; explicitFileType = wrapper.cfbundle; includeInIndex = 0; path = "Nix Square Watch AppUITests.xctest"; sourceTree = BUILT_PRODUCTS_DIR; };
		9789378A29A81B880072B746 /* Nix_Square_Watch_AppUITests.swift */ = {isa = PBXFileReference; lastKnownFileType = sourcecode.swift; path = Nix_Square_Watch_AppUITests.swift; sourceTree = "<group>"; };
		9789378C29A81B880072B746 /* Nix_Square_Watch_AppUITestsLaunchTests.swift */ = {isa = PBXFileReference; lastKnownFileType = sourcecode.swift; path = Nix_Square_Watch_AppUITestsLaunchTests.swift; sourceTree = "<group>"; };
/* End PBXFileReference section */

/* Begin PBXFrameworksBuildPhase section */
		9789376729A81B860072B746 /* Frameworks */ = {
			isa = PBXFrameworksBuildPhase;
			buildActionMask = 2147483647;
			files = (
			);
			runOnlyForDeploymentPostprocessing = 0;
		};
		9789377929A81B870072B746 /* Frameworks */ = {
			isa = PBXFrameworksBuildPhase;
			buildActionMask = 2147483647;
			files = (
			);
			runOnlyForDeploymentPostprocessing = 0;
		};
		9789378329A81B880072B746 /* Frameworks */ = {
			isa = PBXFrameworksBuildPhase;
			buildActionMask = 2147483647;
			files = (
			);
			runOnlyForDeploymentPostprocessing = 0;
		};
/* End PBXFrameworksBuildPhase section */

/* Begin PBXGroup section */
		9789375D29A81B860072B746 = {
			isa = PBXGroup;
			children = (
				9789376E29A81B860072B746 /* Nix Square Watch App */,
				9789377F29A81B880072B746 /* Nix Square Watch AppTests */,
				9789378929A81B880072B746 /* Nix Square Watch AppUITests */,
				9789376529A81B860072B746 /* Products */,
			);
			sourceTree = "<group>";
		};
		9789376529A81B860072B746 /* Products */ = {
			isa = PBXGroup;
			children = (
				9789376429A81B860072B746 /* Nix Square.app */,
				9789376A29A81B860072B746 /* Nix Square Watch App.app */,
				9789377C29A81B870072B746 /* Nix Square Watch AppTests.xctest */,
				9789378629A81B880072B746 /* Nix Square Watch AppUITests.xctest */,
			);
			name = Products;
			sourceTree = "<group>";
		};
		9789376E29A81B860072B746 /* Nix Square Watch App */ = {
			isa = PBXGroup;
			children = (
				9789376F29A81B860072B746 /* Nix_SquareApp.swift */,
				9789377129A81B860072B746 /* ContentView.swift */,
				9789377329A81B870072B746 /* Assets.xcassets */,
				9789377529A81B870072B746 /* Preview Content */,
			);
			path = "Nix Square Watch App";
			sourceTree = "<group>";
		};
		9789377529A81B870072B746 /* Preview Content */ = {
			isa = PBXGroup;
			children = (
				9789377629A81B870072B746 /* Preview Assets.xcassets */,
			);
			path = "Preview Content";
			sourceTree = "<group>";
		};
		9789377F29A81B880072B746 /* Nix Square Watch AppTests */ = {
			isa = PBXGroup;
			children = (
				9789378029A81B880072B746 /* Nix_Square_Watch_AppTests.swift */,
			);
			path = "Nix Square Watch AppTests";
			sourceTree = "<group>";
		};
		9789378929A81B880072B746 /* Nix Square Watch AppUITests */ = {
			isa = PBXGroup;
			children = (
				9789378A29A81B880072B746 /* Nix_Square_Watch_AppUITests.swift */,
				9789378C29A81B880072B746 /* Nix_Square_Watch_AppUITestsLaunchTests.swift */,
			);
			path = "Nix Square Watch AppUITests";
			sourceTree = "<group>";
		};
/* End PBXGroup section */

/* Begin PBXNativeTarget section */
		9789376329A81B860072B746 /* Nix Square */ = {
			isa = PBXNativeTarget;
			buildConfigurationList = 9789379429A81B880072B746 /* Build configuration list for PBXNativeTarget "Nix Square" */;
			buildPhases = (
				9789376229A81B860072B746 /* Resources */,
				9789379329A81B880072B746 /* Embed Watch Content */,
			);
			buildRules = (
			);
			dependencies = (
				9789376D29A81B860072B746 /* PBXTargetDependency */,
			);
			name = "Nix Square";
			productName = "Nix Square";
			productReference = 9789376429A81B860072B746 /* Nix Square.app */;
			productType = "com.apple.product-type.application.watchapp2-container";
		};
		9789376929A81B860072B746 /* Nix Square Watch App */ = {
			isa = PBXNativeTarget;
			buildConfigurationList = 9789379029A81B880072B746 /* Build configuration list for PBXNativeTarget "Nix Square Watch App" */;
			buildPhases = (
				9789376629A81B860072B746 /* Sources */,
				9789376729A81B860072B746 /* Frameworks */,
				9789376829A81B860072B746 /* Resources */,
			);
			buildRules = (
			);
			dependencies = (
			);
			name = "Nix Square Watch App";
			productName = "Nix Square Watch App";
			productReference = 9789376A29A81B860072B746 /* Nix Square Watch App.app */;
			productType = "com.apple.product-type.application";
		};
		9789377B29A81B870072B746 /* Nix Square Watch AppTests */ = {
			isa = PBXNativeTarget;
			buildConfigurationList = 9789379729A81B880072B746 /* Build configuration list for PBXNativeTarget "Nix Square Watch AppTests" */;
			buildPhases = (
				9789377829A81B870072B746 /* Sources */,
				9789377929A81B870072B746 /* Frameworks */,
				9789377A29A81B870072B746 /* Resources */,
			);
			buildRules = (
			);
			dependencies = (
				9789377E29A81B880072B746 /* PBXTargetDependency */,
			);
			name = "Nix Square Watch AppTests";
			productName = "Nix Square Watch AppTests";
			productReference = 9789377C29A81B870072B746 /* Nix Square Watch AppTests.xctest */;
			productType = "com.apple.product-type.bundle.unit-test";
		};
		9789378529A81B880072B746 /* Nix Square Watch AppUITests */ = {
			isa = PBXNativeTarget;
			buildConfigurationList = 9789379A29A81B880072B746 /* Build configuration list for PBXNativeTarget "Nix Square Watch AppUITests" */;
			buildPhases = (
				9789378229A81B880072B746 /* Sources */,
				9789378329A81B880072B746 /* Frameworks */,
				9789378429A81B880072B746 /* Resources */,
			);
			buildRules = (
			);
			dependencies = (
				9789378829A81B880072B746 /* PBXTargetDependency */,
			);
			name = "Nix Square Watch AppUITests";
			productName = "Nix Square Watch AppUITests";
			productReference = 9789378629A81B880072B746 /* Nix Square Watch AppUITests.xctest */;
			productType = "com.apple.product-type.bundle.ui-testing";
		};
/* End PBXNativeTarget section */

/* Begin PBXProject section */
		9789375E29A81B860072B746 /* Project object */ = {
			isa = PBXProject;
			attributes = {
				BuildIndependentTargetsInParallel = 1;
				LastSwiftUpdateCheck = 1420;
				LastUpgradeCheck = 1420;
				TargetAttributes = {
					9789376329A81B860072B746 = {
						CreatedOnToolsVersion = 14.2;
					};
					9789376929A81B860072B746 = {
						CreatedOnToolsVersion = 14.2;
					};
					9789377B29A81B870072B746 = {
						CreatedOnToolsVersion = 14.2;
						TestTargetID = 9789376929A81B860072B746;
					};
					9789378529A81B880072B746 = {
						CreatedOnToolsVersion = 14.2;
						TestTargetID = 9789376929A81B860072B746;
					};
				};
			};
			buildConfigurationList = 9789376129A81B860072B746 /* Build configuration list for PBXProject "Nix Square" */;
			compatibilityVersion = "Xcode 14.0";
			developmentRegion = en;
			hasScannedForEncodings = 0;
			knownRegions = (
				en,
				Base,
			);
			mainGroup = 9789375D29A81B860072B746;
			productRefGroup = 9789376529A81B860072B746 /* Products */;
			projectDirPath = "";
			projectRoot = "";
			targets = (
				9789376329A81B860072B746 /* Nix Square */,
				9789376929A81B860072B746 /* Nix Square Watch App */,
				9789377B29A81B870072B746 /* Nix Square Watch AppTests */,
				9789378529A81B880072B746 /* Nix Square Watch AppUITests */,
			);
		};
/* End PBXProject section */

/* Begin PBXResourcesBuildPhase section */
		9789376229A81B860072B746 /* Resources */ = {
			isa = PBXResourcesBuildPhase;
			buildActionMask = 2147483647;
			files = (
			);
			runOnlyForDeploymentPostprocessing = 0;
		};
		9789376829A81B860072B746 /* Resources */ = {
			isa = PBXResourcesBuildPhase;
			buildActionMask = 2147483647;
			files = (
				9789377729A81B870072B746 /* Preview Assets.xcassets in Resources */,
				9789377429A81B870072B746 /* Assets.xcassets in Resources */,
			);
			runOnlyForDeploymentPostprocessing = 0;
		};
		9789377A29A81B870072B746 /* Resources */ = {
			isa = PBXResourcesBuildPhase;
			buildActionMask = 2147483647;
			files = (
			);
			runOnlyForDeploymentPostprocessing = 0;
		};
		9789378429A81B880072B746 /* Resources */ = {
			isa = PBXResourcesBuildPhase;
			buildActionMask = 2147483647;
			files = (
			);
			runOnlyForDeploymentPostprocessing = 0;
		};
/* End PBXResourcesBuildPhase section */

/* Begin PBXSourcesBuildPhase section */
		9789376629A81B860072B746 /* Sources */ = {
			isa = PBXSourcesBuildPhase;
			buildActionMask = 2147483647;
			files = (
				9789377229A81B860072B746 /* ContentView.swift in Sources */,
				9789377029A81B860072B746 /* Nix_SquareApp.swift in Sources */,
			);
			runOnlyForDeploymentPostprocessing = 0;
		};
		9789377829A81B870072B746 /* Sources */ = {
			isa = PBXSourcesBuildPhase;
			buildActionMask = 2147483647;
			files = (
				9789378129A81B880072B746 /* Nix_Square_Watch_AppTests.swift in Sources */,
			);
			runOnlyForDeploymentPostprocessing = 0;
		};
		9789378229A81B880072B746 /* Sources */ = {
			isa = PBXSourcesBuildPhase;
			buildActionMask = 2147483647;
			files = (
				9789378B29A81B880072B746 /* Nix_Square_Watch_AppUITests.swift in Sources */,
				9789378D29A81B880072B746 /* Nix_Square_Watch_AppUITestsLaunchTests.swift in Sources */,
			);
			runOnlyForDeploymentPostprocessing = 0;
		};
/* End PBXSourcesBuildPhase section */

/* Begin PBXTargetDependency section */
		9789376D29A81B860072B746 /* PBXTargetDependency */ = {
			isa = PBXTargetDependency;
			target = 9789376929A81B860072B746 /* Nix Square Watch App */;
			targetProxy = 9789376C29A81B860072B746 /* PBXContainerItemProxy */;
		};
		9789377E29A81B880072B746 /* PBXTargetDependency */ = {
			isa = PBXTargetDependency;
			target = 9789376929A81B860072B746 /* Nix Square Watch App */;
			targetProxy = 9789377D29A81B880072B746 /* PBXContainerItemProxy */;
		};
		9789378829A81B880072B746 /* PBXTargetDependency */ = {
			isa = PBXTargetDependency;
			target = 9789376929A81B860072B746 /* Nix Square Watch App */;
			targetProxy = 9789378729A81B880072B746 /* PBXContainerItemProxy */;
		};
/* End PBXTargetDependency section */

/* Begin XCBuildConfiguration section */
		9789378E29A81B880072B746 /* Debug */ = {
			isa = XCBuildConfiguration;
			buildSettings = {
				ALWAYS_SEARCH_USER_PATHS = NO;
				CLANG_ANALYZER_NONNULL = YES;
				CLANG_ANALYZER_NUMBER_OBJECT_CONVERSION = YES_AGGRESSIVE;
				CLANG_CXX_LANGUAGE_STANDARD = "gnu++20";
				CLANG_ENABLE_MODULES = YES;
				CLANG_ENABLE_OBJC_ARC = YES;
				CLANG_ENABLE_OBJC_WEAK = YES;
				CLANG_WARN_BLOCK_CAPTURE_AUTORELEASING = YES;
				CLANG_WARN_BOOL_CONVERSION = YES;
				CLANG_WARN_COMMA = YES;
				CLANG_WARN_CONSTANT_CONVERSION = YES;
				CLANG_WARN_DEPRECATED_OBJC_IMPLEMENTATIONS = YES;
				CLANG_WARN_DIRECT_OBJC_ISA_USAGE = YES_ERROR;
				CLANG_WARN_DOCUMENTATION_COMMENTS = YES;
				CLANG_WARN_EMPTY_BODY = YES;
				CLANG_WARN_ENUM_CONVERSION = YES;
				CLANG_WARN_INFINITE_RECURSION = YES;
				CLANG_WARN_INT_CONVERSION = YES;
				CLANG_WARN_NON_LITERAL_NULL_CONVERSION = YES;
				CLANG_WARN_OBJC_IMPLICIT_RETAIN_SELF = YES;
				CLANG_WARN_OBJC_LITERAL_CONVERSION = YES;
				CLANG_WARN_OBJC_ROOT_CLASS = YES_ERROR;
				CLANG_WARN_QUOTED_INCLUDE_IN_FRAMEWORK_HEADER = YES;
				CLANG_WARN_RANGE_LOOP_ANALYSIS = YES;
				CLANG_WARN_STRICT_PROTOTYPES = YES;
				CLANG_WARN_SUSPICIOUS_MOVE = YES;
				CLANG_WARN_UNGUARDED_AVAILABILITY = YES_AGGRESSIVE;
				CLANG_WARN_UNREACHABLE_CODE = YES;
				CLANG_WARN__DUPLICATE_METHOD_MATCH = YES;
				COPY_PHASE_STRIP = NO;
				DEBUG_INFORMATION_FORMAT = dwarf;
				ENABLE_STRICT_OBJC_MSGSEND = YES;
				ENABLE_TESTABILITY = YES;
				GCC_C_LANGUAGE_STANDARD = gnu11;
				GCC_DYNAMIC_NO_PIC = NO;
				GCC_NO_COMMON_BLOCKS = YES;
				GCC_OPTIMIZATION_LEVEL = 0;
				GCC_PREPROCESSOR_DEFINITIONS = (
					"DEBUG=1",
					"$(inherited)",
				);
				GCC_WARN_64_TO_32_BIT_CONVERSION = YES;
				GCC_WARN_ABOUT_RETURN_TYPE = YES_ERROR;
				GCC_WARN_UNDECLARED_SELECTOR = YES;
				GCC_WARN_UNINITIALIZED_AUTOS = YES_AGGRESSIVE;
				GCC_WARN_UNUSED_FUNCTION = YES;
				GCC_WARN_UNUSED_VARIABLE = YES;
				MTL_ENABLE_DEBUG_INFO = INCLUDE_SOURCE;
				MTL_FAST_MATH = YES;
				ONLY_ACTIVE_ARCH = YES;
				SWIFT_ACTIVE_COMPILATION_CONDITIONS = DEBUG;
				SWIFT_OPTIMIZATION_LEVEL = "-Onone";
			};
			name = Debug;
		};
		9789378F29A81B880072B746 /* Release */ = {
			isa = XCBuildConfiguration;
			buildSettings = {
				ALWAYS_SEARCH_USER_PATHS = NO;
				CLANG_ANALYZER_NONNULL = YES;
				CLANG_ANALYZER_NUMBER_OBJECT_CONVERSION = YES_AGGRESSIVE;
				CLANG_CXX_LANGUAGE_STANDARD = "gnu++20";
				CLANG_ENABLE_MODULES = YES;
				CLANG_ENABLE_OBJC_ARC = YES;
				CLANG_ENABLE_OBJC_WEAK = YES;
				CLANG_WARN_BLOCK_CAPTURE_AUTORELEASING = YES;
				CLANG_WARN_BOOL_CONVERSION = YES;
				CLANG_WARN_COMMA = YES;
				CLANG_WARN_CONSTANT_CONVERSION = YES;
				CLANG_WARN_DEPRECATED_OBJC_IMPLEMENTATIONS = YES;
				CLANG_WARN_DIRECT_OBJC_ISA_USAGE = YES_ERROR;
				CLANG_WARN_DOCUMENTATION_COMMENTS = YES;
				CLANG_WARN_EMPTY_BODY = YES;
				CLANG_WARN_ENUM_CONVERSION = YES;
				CLANG_WARN_INFINITE_RECURSION = YES;
				CLANG_WARN_INT_CONVERSION = YES;
				CLANG_WARN_NON_LITERAL_NULL_CONVERSION = YES;
				CLANG_WARN_OBJC_IMPLICIT_RETAIN_SELF = YES;
				CLANG_WARN_OBJC_LITERAL_CONVERSION = YES;
				CLANG_WARN_OBJC_ROOT_CLASS = YES_ERROR;
				CLANG_WARN_QUOTED_INCLUDE_IN_FRAMEWORK_HEADER = YES;
				CLANG_WARN_RANGE_LOOP_ANALYSIS = YES;
				CLANG_WARN_STRICT_PROTOTYPES = YES;
				CLANG_WARN_SUSPICIOUS_MOVE = YES;
				CLANG_WARN_UNGUARDED_AVAILABILITY = YES_AGGRESSIVE;
				CLANG_WARN_UNREACHABLE_CODE = YES;
				CLANG_WARN__DUPLICATE_METHOD_MATCH = YES;
				COPY_PHASE_STRIP = NO;
				DEBUG_INFORMATION_FORMAT = "dwarf-with-dsym";
				ENABLE_NS_ASSERTIONS = NO;
				ENABLE_STRICT_OBJC_MSGSEND = YES;
				GCC_C_LANGUAGE_STANDARD = gnu11;
				GCC_NO_COMMON_BLOCKS = YES;
				GCC_WARN_64_TO_32_BIT_CONVERSION = YES;
				GCC_WARN_ABOUT_RETURN_TYPE = YES_ERROR;
				GCC_WARN_UNDECLARED_SELECTOR = YES;
				GCC_WARN_UNINITIALIZED_AUTOS = YES_AGGRESSIVE;
				GCC_WARN_UNUSED_FUNCTION = YES;
				GCC_WARN_UNUSED_VARIABLE = YES;
				MTL_ENABLE_DEBUG_INFO = NO;
				MTL_FAST_MATH = YES;
				SWIFT_COMPILATION_MODE = wholemodule;
				SWIFT_OPTIMIZATION_LEVEL = "-O";
			};
			name = Release;
		};
		9789379129A81B880072B746 /* Debug */ = {
			isa = XCBuildConfiguration;
			buildSettings = {
				ASSETCATALOG_COMPILER_APPICON_NAME = AppIcon;
				ASSETCATALOG_COMPILER_GLOBAL_ACCENT_COLOR_NAME = AccentColor;
				CODE_SIGN_STYLE = Automatic;
				CURRENT_PROJECT_VERSION = 1;
				DEVELOPMENT_ASSET_PATHS = "\"Nix Square Watch App/Preview Content\"";
				ENABLE_PREVIEWS = YES;
				GENERATE_INFOPLIST_FILE = YES;
				INFOPLIST_KEY_CFBundleDisplayName = "Nix Square";
				INFOPLIST_KEY_UISupportedInterfaceOrientations = "UIInterfaceOrientationPortrait UIInterfaceOrientationPortraitUpsideDown";
				INFOPLIST_KEY_WKWatchOnly = YES;
				LD_RUNPATH_SEARCH_PATHS = (
					"$(inherited)",
					"@executable_path/Frameworks",
				);
				MARKETING_VERSION = 1.0;
				PRODUCT_BUNDLE_IDENTIFIER = "com.nixpulvis.Nix-Square.watchkitapp";
				PRODUCT_NAME = "$(TARGET_NAME)";
				SDKROOT = watchos;
				SKIP_INSTALL = YES;
				SWIFT_EMIT_LOC_STRINGS = YES;
				SWIFT_VERSION = 5.0;
				TARGETED_DEVICE_FAMILY = 4;
				WATCHOS_DEPLOYMENT_TARGET = 9.1;
			};
			name = Debug;
		};
		9789379229A81B880072B746 /* Release */ = {
			isa = XCBuildConfiguration;
			buildSettings = {
				ASSETCATALOG_COMPILER_APPICON_NAME = AppIcon;
				ASSETCATALOG_COMPILER_GLOBAL_ACCENT_COLOR_NAME = AccentColor;
				CODE_SIGN_STYLE = Automatic;
				CURRENT_PROJECT_VERSION = 1;
				DEVELOPMENT_ASSET_PATHS = "\"Nix Square Watch App/Preview Content\"";
				ENABLE_PREVIEWS = YES;
				GENERATE_INFOPLIST_FILE = YES;
				INFOPLIST_KEY_CFBundleDisplayName = "Nix Square";
				INFOPLIST_KEY_UISupportedInterfaceOrientations = "UIInterfaceOrientationPortrait UIInterfaceOrientationPortraitUpsideDown";
				INFOPLIST_KEY_WKWatchOnly = YES;
				LD_RUNPATH_SEARCH_PATHS = (
					"$(inherited)",
					"@executable_path/Frameworks",
				);
				MARKETING_VERSION = 1.0;
				PRODUCT_BUNDLE_IDENTIFIER = "com.nixpulvis.Nix-Square.watchkitapp";
				PRODUCT_NAME = "$(TARGET_NAME)";
				SDKROOT = watchos;
				SKIP_INSTALL = YES;
				SWIFT_EMIT_LOC_STRINGS = YES;
				SWIFT_VERSION = 5.0;
				TARGETED_DEVICE_FAMILY = 4;
				VALIDATE_PRODUCT = YES;
				WATCHOS_DEPLOYMENT_TARGET = 9.1;
			};
			name = Release;
		};
		9789379529A81B880072B746 /* Debug */ = {
			isa = XCBuildConfiguration;
			buildSettings = {
				ALWAYS_EMBED_SWIFT_STANDARD_LIBRARIES = YES;
				CODE_SIGN_STYLE = Automatic;
				CURRENT_PROJECT_VERSION = 1;
				INFOPLIST_KEY_CFBundleDisplayName = "Nix Square";
				MARKETING_VERSION = 1.0;
				PRODUCT_BUNDLE_IDENTIFIER = "com.nixpulvis.Nix-Square";
				PRODUCT_NAME = "$(TARGET_NAME)";
				SDKROOT = iphoneos;
				SWIFT_VERSION = 5.0;
			};
			name = Debug;
		};
		9789379629A81B880072B746 /* Release */ = {
			isa = XCBuildConfiguration;
			buildSettings = {
				ALWAYS_EMBED_SWIFT_STANDARD_LIBRARIES = YES;
				CODE_SIGN_STYLE = Automatic;
				CURRENT_PROJECT_VERSION = 1;
				INFOPLIST_KEY_CFBundleDisplayName = "Nix Square";
				MARKETING_VERSION = 1.0;
				PRODUCT_BUNDLE_IDENTIFIER = "com.nixpulvis.Nix-Square";
				PRODUCT_NAME = "$(TARGET_NAME)";
				SDKROOT = iphoneos;
				SWIFT_VERSION = 5.0;
				VALIDATE_PRODUCT = YES;
			};
			name = Release;
		};
		9789379829A81B880072B746 /* Debug */ = {
			isa = XCBuildConfiguration;
			buildSettings = {
				ALWAYS_EMBED_SWIFT_STANDARD_LIBRARIES = YES;
				BUNDLE_LOADER = "$(TEST_HOST)";
				CODE_SIGN_STYLE = Automatic;
				CURRENT_PROJECT_VERSION = 1;
				GENERATE_INFOPLIST_FILE = YES;
				MARKETING_VERSION = 1.0;
				PRODUCT_BUNDLE_IDENTIFIER = "com.nixpulvis.Nix-Square-Watch-AppTests";
				PRODUCT_NAME = "$(TARGET_NAME)";
				SDKROOT = watchos;
				SWIFT_EMIT_LOC_STRINGS = NO;
				SWIFT_VERSION = 5.0;
				TARGETED_DEVICE_FAMILY = 4;
				TEST_HOST = "$(BUILT_PRODUCTS_DIR)/Nix Square Watch App.app/$(BUNDLE_EXECUTABLE_FOLDER_PATH)/Nix Square Watch App";
				WATCHOS_DEPLOYMENT_TARGET = 9.1;
			};
			name = Debug;
		};
		9789379929A81B880072B746 /* Release */ = {
			isa = XCBuildConfiguration;
			buildSettings = {
				ALWAYS_EMBED_SWIFT_STANDARD_LIBRARIES = YES;
				BUNDLE_LOADER = "$(TEST_HOST)";
				CODE_SIGN_STYLE = Automatic;
				CURRENT_PROJECT_VERSION = 1;
				GENERATE_INFOPLIST_FILE = YES;
				MARKETING_VERSION = 1.0;
				PRODUCT_BUNDLE_IDENTIFIER = "com.nixpulvis.Nix-Square-Watch-AppTests";
				PRODUCT_NAME = "$(TARGET_NAME)";
				SDKROOT = watchos;
				SWIFT_EMIT_LOC_STRINGS = NO;
				SWIFT_VERSION = 5.0;
				TARGETED_DEVICE_FAMILY = 4;
				TEST_HOST = "$(BUILT_PRODUCTS_DIR)/Nix Square Watch App.app/$(BUNDLE_EXECUTABLE_FOLDER_PATH)/Nix Square Watch App";
				VALIDATE_PRODUCT = YES;
				WATCHOS_DEPLOYMENT_TARGET = 9.1;
			};
			name = Release;
		};
		9789379B29A81B880072B746 /* Debug */ = {
			isa = XCBuildConfiguration;
			buildSettings = {
				ALWAYS_EMBED_SWIFT_STANDARD_LIBRARIES = YES;
				CODE_SIGN_STYLE = Automatic;
				CURRENT_PROJECT_VERSION = 1;
				GENERATE_INFOPLIST_FILE = YES;
				MARKETING_VERSION = 1.0;
				PRODUCT_BUNDLE_IDENTIFIER = "com.nixpulvis.Nix-Square-Watch-AppUITests";
				PRODUCT_NAME = "$(TARGET_NAME)";
				SDKROOT = watchos;
				SWIFT_EMIT_LOC_STRINGS = NO;
				SWIFT_VERSION = 5.0;
				TARGETED_DEVICE_FAMILY = 4;
				TEST_TARGET_NAME = "Nix Square Watch App";
				WATCHOS_DEPLOYMENT_TARGET = 9.1;
			};
			name = Debug;
		};
		9789379C29A81B880072B746 /* Release */ = {
			isa = XCBuildConfiguration;
			buildSettings = {
				ALWAYS_EMBED_SWIFT_STANDARD_LIBRARIES = YES;
				CODE_SIGN_STYLE = Automatic;
				CURRENT_PROJECT_VERSION = 1;
				GENERATE_INFOPLIST_FILE = YES;
				MARKETING_VERSION = 1.0;
				PRODUCT_BUNDLE_IDENTIFIER = "com.nixpulvis.Nix-Square-Watch-AppUITests";
				PRODUCT_NAME = "$(TARGET_NAME)";
				SDKROOT = watchos;
				SWIFT_EMIT_LOC_STRINGS = NO;
				SWIFT_VERSION = 5.0;
				TARGETED_DEVICE_FAMILY = 4;
				TEST_TARGET_NAME = "Nix Square Watch App";
				VALIDATE_PRODUCT = YES;
				WATCHOS_DEPLOYMENT_TARGET = 9.1;
			};
			name = Release;
		};
/* End XCBuildConfiguration section */

/* Begin XCConfigurationList section */
		9789376129A81B860072B746 /* Build configuration list for PBXProject "Nix Square" */ = {
			isa = XCConfigurationList;
			buildConfigurations = (
				9789378E29A81B880072B746 /* Debug */,
				9789378F29A81B880072B746 /* Release */,
			);
			defaultConfigurationIsVisible = 0;
			defaultConfigurationName = Release;
		};
		9789379029A81B880072B746 /* Build configuration list for PBXNativeTarget "Nix Square Watch App" */ = {
			isa = XCConfigurationList;
			buildConfigurations = (
				9789379129A81B880072B746 /* Debug */,
				9789379229A81B880072B746 /* Release */,
			);
			defaultConfigurationIsVisible = 0;
			defaultConfigurationName = Release;
		};
		9789379429A81B880072B746 /* Build configuration list for PBXNativeTarget "Nix Square" */ = {
			isa = XCConfigurationList;
			buildConfigurations = (
				9789379529A81B880072B746 /* Debug */,
				9789379629A81B880072B746 /* Release */,
			);
			defaultConfigurationIsVisible = 0;
			defaultConfigurationName = Release;
		};
		9789379729A81B880072B746 /* Build configuration list for PBXNativeTarget "Nix Square Watch AppTests" */ = {
			isa = XCConfigurationList;
			buildConfigurations = (
				9789379829A81B880072B746 /* Debug */,
				9789379929A81B880072B746 /* Release */,
			);
			defaultConfigurationIsVisible = 0;
			defaultConfigurationName = Release;
		};
		9789379A29A81B880072B746 /* Build configuration list for PBXNativeTarget "Nix Square Watch AppUITests" */ = {
			isa = XCConfigurationList;
			buildConfigurations = (
				9789379B29A81B880072B746 /* Debug */,
				9789379C29A81B880072B746 /* Release */,
			);
			defaultConfigurationIsVisible = 0;
			defaultConfigurationName = Release;
		};
/* End XCConfigurationList section */
	};
	rootObject = 9789375E29A81B860072B746 /* Project object */;
}
